// !$*UTF8*$!
{
	archiveVersion = 1;
	classes = {
	};
	objectVersion = 50;
	objects = {

/* Begin PBXBuildFile section */
		612A6E4323D3AFA600472DA9 /* Enum_ErrorLabel.swift in Sources */ = {isa = PBXBuildFile; fileRef = 612A6E4223D3AFA600472DA9 /* Enum_ErrorLabel.swift */; };
		6134EDDC23D0EED0004E121B /* PersonCell.swift in Sources */ = {isa = PBXBuildFile; fileRef = 6134EDDB23D0EED0004E121B /* PersonCell.swift */; };
		6134EDDE23D11E75004E121B /* ContactsResult.swift in Sources */ = {isa = PBXBuildFile; fileRef = 6134EDDD23D11E75004E121B /* ContactsResult.swift */; };
		6134EDE023D12002004E121B /* UIFont+additions.swift in Sources */ = {isa = PBXBuildFile; fileRef = 6134EDDF23D12002004E121B /* UIFont+additions.swift */; };
		6134EDEF23D14CA4004E121B /* DirectoryURL.swift in Sources */ = {isa = PBXBuildFile; fileRef = 6134EDEE23D14CA4004E121B /* DirectoryURL.swift */; };
		6134EDF123D14D63004E121B /* GetDirectoryData.swift in Sources */ = {isa = PBXBuildFile; fileRef = 6134EDF023D14D63004E121B /* GetDirectoryData.swift */; };
		6134EDF323D228E6004E121B /* Alerts.swift in Sources */ = {isa = PBXBuildFile; fileRef = 6134EDF223D228E6004E121B /* Alerts.swift */; };
		6134EDF523D22CD7004E121B /* FetchImages.swift in Sources */ = {isa = PBXBuildFile; fileRef = 6134EDF423D22CD7004E121B /* FetchImages.swift */; };
		6134EDFB23D27143004E121B /* ActivityIndicator.swift in Sources */ = {isa = PBXBuildFile; fileRef = 6134EDFA23D27143004E121B /* ActivityIndicator.swift */; };
		61986ED423D0E68E0030F0D5 /* UITableViewCellExtension.swift in Sources */ = {isa = PBXBuildFile; fileRef = 61986ED323D0E68E0030F0D5 /* UITableViewCellExtension.swift */; };
		61A1BFD823D39D25002952A3 /* URLProtocolStub.swift in Sources */ = {isa = PBXBuildFile; fileRef = 61A1BFD723D39D25002952A3 /* URLProtocolStub.swift */; };
		61A5151523D0C73C00B0386B /* AppDelegate.swift in Sources */ = {isa = PBXBuildFile; fileRef = 61A5151423D0C73C00B0386B /* AppDelegate.swift */; };
		61A5151723D0C73C00B0386B /* SceneDelegate.swift in Sources */ = {isa = PBXBuildFile; fileRef = 61A5151623D0C73C00B0386B /* SceneDelegate.swift */; };
		61A5151923D0C73C00B0386B /* FullDirectoryViewController.swift in Sources */ = {isa = PBXBuildFile; fileRef = 61A5151823D0C73C00B0386B /* FullDirectoryViewController.swift */; };
		61A5151F23D0C73C00B0386B /* SquareDirectory.xcdatamodeld in Sources */ = {isa = PBXBuildFile; fileRef = 61A5151D23D0C73C00B0386B /* SquareDirectory.xcdatamodeld */; };
		61A5152123D0C74100B0386B /* Assets.xcassets in Resources */ = {isa = PBXBuildFile; fileRef = 61A5152023D0C74100B0386B /* Assets.xcassets */; };
		61A5152423D0C74100B0386B /* LaunchScreen.storyboard in Resources */ = {isa = PBXBuildFile; fileRef = 61A5152223D0C74100B0386B /* LaunchScreen.storyboard */; };
		61A5152F23D0C74100B0386B /* SquareDirectoryTests.swift in Sources */ = {isa = PBXBuildFile; fileRef = 61A5152E23D0C74100B0386B /* SquareDirectoryTests.swift */; };
		61A5153F23D0C8B700B0386B /* Contact.swift in Sources */ = {isa = PBXBuildFile; fileRef = 61A5153E23D0C8B700B0386B /* Contact.swift */; };
		61A5154223D0CBD900B0386B /* DataRequestAPI.swift in Sources */ = {isa = PBXBuildFile; fileRef = 61A5154123D0CBD900B0386B /* DataRequestAPI.swift */; };
		61A5154623D0CEFB00B0386B /* Endpoint.swift in Sources */ = {isa = PBXBuildFile; fileRef = 61A5154523D0CEFB00B0386B /* Endpoint.swift */; };
		61A5154823D0CF4A00B0386B /*  Enum_APIError.swift in Sources */ = {isa = PBXBuildFile; fileRef = 61A5154723D0CF4A00B0386B /*  Enum_APIError.swift */; };
/* End PBXBuildFile section */

/* Begin PBXContainerItemProxy section */
		61A5152B23D0C74100B0386B /* PBXContainerItemProxy */ = {
			isa = PBXContainerItemProxy;
			containerPortal = 61A5150923D0C73C00B0386B /* Project object */;
			proxyType = 1;
			remoteGlobalIDString = 61A5151023D0C73C00B0386B;
			remoteInfo = SquareDirectory;
		};
/* End PBXContainerItemProxy section */

/* Begin PBXFileReference section */
		612A6E4223D3AFA600472DA9 /* Enum_ErrorLabel.swift */ = {isa = PBXFileReference; lastKnownFileType = sourcecode.swift; path = Enum_ErrorLabel.swift; sourceTree = "<group>"; };
		6134EDDB23D0EED0004E121B /* PersonCell.swift */ = {isa = PBXFileReference; lastKnownFileType = sourcecode.swift; path = PersonCell.swift; sourceTree = "<group>"; };
		6134EDDD23D11E75004E121B /* ContactsResult.swift */ = {isa = PBXFileReference; lastKnownFileType = sourcecode.swift; path = ContactsResult.swift; sourceTree = "<group>"; };
		6134EDDF23D12002004E121B /* UIFont+additions.swift */ = {isa = PBXFileReference; lastKnownFileType = sourcecode.swift; path = "UIFont+additions.swift"; sourceTree = "<group>"; };
		6134EDEE23D14CA4004E121B /* DirectoryURL.swift */ = {isa = PBXFileReference; lastKnownFileType = sourcecode.swift; path = DirectoryURL.swift; sourceTree = "<group>"; };
		6134EDF023D14D63004E121B /* GetDirectoryData.swift */ = {isa = PBXFileReference; lastKnownFileType = sourcecode.swift; path = GetDirectoryData.swift; sourceTree = "<group>"; };
		6134EDF223D228E6004E121B /* Alerts.swift */ = {isa = PBXFileReference; lastKnownFileType = sourcecode.swift; path = Alerts.swift; sourceTree = "<group>"; };
		6134EDF423D22CD7004E121B /* FetchImages.swift */ = {isa = PBXFileReference; lastKnownFileType = sourcecode.swift; path = FetchImages.swift; sourceTree = "<group>"; };
		6134EDFA23D27143004E121B /* ActivityIndicator.swift */ = {isa = PBXFileReference; lastKnownFileType = sourcecode.swift; path = ActivityIndicator.swift; sourceTree = "<group>"; };
		61986ED323D0E68E0030F0D5 /* UITableViewCellExtension.swift */ = {isa = PBXFileReference; lastKnownFileType = sourcecode.swift; path = UITableViewCellExtension.swift; sourceTree = "<group>"; };
		61A1BFD723D39D25002952A3 /* URLProtocolStub.swift */ = {isa = PBXFileReference; lastKnownFileType = sourcecode.swift; path = URLProtocolStub.swift; sourceTree = "<group>"; };
		61A5151123D0C73C00B0386B /* SquareDirectory.app */ = {isa = PBXFileReference; explicitFileType = wrapper.application; includeInIndex = 0; path = SquareDirectory.app; sourceTree = BUILT_PRODUCTS_DIR; };
		61A5151423D0C73C00B0386B /* AppDelegate.swift */ = {isa = PBXFileReference; lastKnownFileType = sourcecode.swift; path = AppDelegate.swift; sourceTree = "<group>"; };
		61A5151623D0C73C00B0386B /* SceneDelegate.swift */ = {isa = PBXFileReference; lastKnownFileType = sourcecode.swift; path = SceneDelegate.swift; sourceTree = "<group>"; };
		61A5151823D0C73C00B0386B /* FullDirectoryViewController.swift */ = {isa = PBXFileReference; lastKnownFileType = sourcecode.swift; path = FullDirectoryViewController.swift; sourceTree = "<group>"; };
		61A5151E23D0C73C00B0386B /* SquareDirectory.xcdatamodel */ = {isa = PBXFileReference; lastKnownFileType = wrapper.xcdatamodel; path = SquareDirectory.xcdatamodel; sourceTree = "<group>"; };
		61A5152023D0C74100B0386B /* Assets.xcassets */ = {isa = PBXFileReference; lastKnownFileType = folder.assetcatalog; path = Assets.xcassets; sourceTree = "<group>"; };
		61A5152323D0C74100B0386B /* Base */ = {isa = PBXFileReference; lastKnownFileType = file.storyboard; name = Base; path = Base.lproj/LaunchScreen.storyboard; sourceTree = "<group>"; };
		61A5152523D0C74100B0386B /* Info.plist */ = {isa = PBXFileReference; lastKnownFileType = text.plist.xml; path = Info.plist; sourceTree = "<group>"; };
		61A5152A23D0C74100B0386B /* SquareDirectoryTests.xctest */ = {isa = PBXFileReference; explicitFileType = wrapper.cfbundle; includeInIndex = 0; path = SquareDirectoryTests.xctest; sourceTree = BUILT_PRODUCTS_DIR; };
		61A5152E23D0C74100B0386B /* SquareDirectoryTests.swift */ = {isa = PBXFileReference; lastKnownFileType = sourcecode.swift; path = SquareDirectoryTests.swift; sourceTree = "<group>"; };
		61A5153023D0C74100B0386B /* Info.plist */ = {isa = PBXFileReference; lastKnownFileType = text.plist.xml; path = Info.plist; sourceTree = "<group>"; };
		61A5153E23D0C8B700B0386B /* Contact.swift */ = {isa = PBXFileReference; lastKnownFileType = sourcecode.swift; path = Contact.swift; sourceTree = "<group>"; };
		61A5154123D0CBD900B0386B /* DataRequestAPI.swift */ = {isa = PBXFileReference; lastKnownFileType = sourcecode.swift; path = DataRequestAPI.swift; sourceTree = "<group>"; };
		61A5154523D0CEFB00B0386B /* Endpoint.swift */ = {isa = PBXFileReference; lastKnownFileType = sourcecode.swift; path = Endpoint.swift; sourceTree = "<group>"; };
		61A5154723D0CF4A00B0386B /*  Enum_APIError.swift */ = {isa = PBXFileReference; lastKnownFileType = sourcecode.swift; path = " Enum_APIError.swift"; sourceTree = "<group>"; };
/* End PBXFileReference section */

/* Begin PBXFrameworksBuildPhase section */
		61A5150E23D0C73C00B0386B /* Frameworks */ = {
			isa = PBXFrameworksBuildPhase;
			buildActionMask = 2147483647;
			files = (
			);
			runOnlyForDeploymentPostprocessing = 0;
		};
		61A5152723D0C74100B0386B /* Frameworks */ = {
			isa = PBXFrameworksBuildPhase;
			buildActionMask = 2147483647;
			files = (
			);
			runOnlyForDeploymentPostprocessing = 0;
		};
/* End PBXFrameworksBuildPhase section */

/* Begin PBXGroup section */
		6102B20423D3B75F005FB9B0 /* Enums */ = {
			isa = PBXGroup;
			children = (
				61A5154723D0CF4A00B0386B /*  Enum_APIError.swift */,
				612A6E4223D3AFA600472DA9 /* Enum_ErrorLabel.swift */,
			);
			path = Enums;
			sourceTree = "<group>";
		};
		6102B20523D3B776005FB9B0 /* Alerts */ = {
			isa = PBXGroup;
			children = (
				6134EDF223D228E6004E121B /* Alerts.swift */,
			);
			path = Alerts;
			sourceTree = "<group>";
		};
		61986ED523D0E6960030F0D5 /* Extensions */ = {
			isa = PBXGroup;
			children = (
				61986ED323D0E68E0030F0D5 /* UITableViewCellExtension.swift */,
				6134EDDF23D12002004E121B /* UIFont+additions.swift */,
			);
			path = Extensions;
			sourceTree = "<group>";
		};
		61A5150823D0C73C00B0386B = {
			isa = PBXGroup;
			children = (
				61A5151323D0C73C00B0386B /* SquareDirectory */,
				61A5152D23D0C74100B0386B /* SquareDirectoryTests */,
				61A5151223D0C73C00B0386B /* Products */,
			);
			sourceTree = "<group>";
		};
		61A5151223D0C73C00B0386B /* Products */ = {
			isa = PBXGroup;
			children = (
				61A5151123D0C73C00B0386B /* SquareDirectory.app */,
				61A5152A23D0C74100B0386B /* SquareDirectoryTests.xctest */,
			);
			name = Products;
			sourceTree = "<group>";
		};
		61A5151323D0C73C00B0386B /* SquareDirectory */ = {
			isa = PBXGroup;
			children = (
				61A5152523D0C74100B0386B /* Info.plist */,
				61A5154023D0CADE00B0386B /* API */,
				61A5153923D0C75500B0386B /* Model */,
				61A5153A23D0C76100B0386B /* Views */,
				61A5153B23D0C77000B0386B /* Controllers */,
				61A5153C23D0C78300B0386B /* Utilities */,
				61A5153D23D0C7B100B0386B /* Resources */,
				61A5151D23D0C73C00B0386B /* SquareDirectory.xcdatamodeld */,
			);
			path = SquareDirectory;
			sourceTree = "<group>";
		};
		61A5152D23D0C74100B0386B /* SquareDirectoryTests */ = {
			isa = PBXGroup;
			children = (
				61A1BFD723D39D25002952A3 /* URLProtocolStub.swift */,
				61A5152E23D0C74100B0386B /* SquareDirectoryTests.swift */,
				61A5153023D0C74100B0386B /* Info.plist */,
			);
			path = SquareDirectoryTests;
			sourceTree = "<group>";
		};
		61A5153923D0C75500B0386B /* Model */ = {
			isa = PBXGroup;
			children = (
				61A5153E23D0C8B700B0386B /* Contact.swift */,
				6134EDDD23D11E75004E121B /* ContactsResult.swift */,
			);
			path = Model;
			sourceTree = "<group>";
		};
		61A5153A23D0C76100B0386B /* Views */ = {
			isa = PBXGroup;
			children = (
				6134EDDB23D0EED0004E121B /* PersonCell.swift */,
				6134EDFA23D27143004E121B /* ActivityIndicator.swift */,
			);
			path = Views;
			sourceTree = "<group>";
		};
		61A5153B23D0C77000B0386B /* Controllers */ = {
			isa = PBXGroup;
			children = (
				61A5151823D0C73C00B0386B /* FullDirectoryViewController.swift */,
			);
			path = Controllers;
			sourceTree = "<group>";
		};
		61A5153C23D0C78300B0386B /* Utilities */ = {
			isa = PBXGroup;
			children = (
				6102B20523D3B776005FB9B0 /* Alerts */,
				6102B20423D3B75F005FB9B0 /* Enums */,
				61986ED523D0E6960030F0D5 /* Extensions */,
			);
			path = Utilities;
			sourceTree = "<group>";
		};
		61A5153D23D0C7B100B0386B /* Resources */ = {
			isa = PBXGroup;
			children = (
				61A5151623D0C73C00B0386B /* SceneDelegate.swift */,
				61A5151423D0C73C00B0386B /* AppDelegate.swift */,
				61A5152223D0C74100B0386B /* LaunchScreen.storyboard */,
				61A5152023D0C74100B0386B /* Assets.xcassets */,
			);
			path = Resources;
			sourceTree = "<group>";
		};
		61A5154023D0CADE00B0386B /* API */ = {
			isa = PBXGroup;
			children = (
				61A5154523D0CEFB00B0386B /* Endpoint.swift */,
				6134EDEE23D14CA4004E121B /* DirectoryURL.swift */,
				61A5154123D0CBD900B0386B /* DataRequestAPI.swift */,
				6134EDF023D14D63004E121B /* GetDirectoryData.swift */,
				6134EDF423D22CD7004E121B /* FetchImages.swift */,
			);
			path = API;
			sourceTree = "<group>";
		};
/* End PBXGroup section */

/* Begin PBXNativeTarget section */
		61A5151023D0C73C00B0386B /* SquareDirectory */ = {
			isa = PBXNativeTarget;
			buildConfigurationList = 61A5153323D0C74100B0386B /* Build configuration list for PBXNativeTarget "SquareDirectory" */;
			buildPhases = (
				61A5150D23D0C73C00B0386B /* Sources */,
				61A5150E23D0C73C00B0386B /* Frameworks */,
				61A5150F23D0C73C00B0386B /* Resources */,
			);
			buildRules = (
			);
			dependencies = (
			);
			name = SquareDirectory;
			productName = SquareDirectory;
			productReference = 61A5151123D0C73C00B0386B /* SquareDirectory.app */;
			productType = "com.apple.product-type.application";
		};
		61A5152923D0C74100B0386B /* SquareDirectoryTests */ = {
			isa = PBXNativeTarget;
			buildConfigurationList = 61A5153623D0C74100B0386B /* Build configuration list for PBXNativeTarget "SquareDirectoryTests" */;
			buildPhases = (
				61A5152623D0C74100B0386B /* Sources */,
				61A5152723D0C74100B0386B /* Frameworks */,
				61A5152823D0C74100B0386B /* Resources */,
			);
			buildRules = (
			);
			dependencies = (
				61A5152C23D0C74100B0386B /* PBXTargetDependency */,
			);
			name = SquareDirectoryTests;
			productName = SquareDirectoryTests;
			productReference = 61A5152A23D0C74100B0386B /* SquareDirectoryTests.xctest */;
			productType = "com.apple.product-type.bundle.unit-test";
		};
/* End PBXNativeTarget section */

/* Begin PBXProject section */
		61A5150923D0C73C00B0386B /* Project object */ = {
			isa = PBXProject;
			attributes = {
				LastSwiftUpdateCheck = 1130;
				LastUpgradeCheck = 1130;
				ORGANIZATIONNAME = "Dylan ";
				TargetAttributes = {
					61A5151023D0C73C00B0386B = {
						CreatedOnToolsVersion = 11.3.1;
					};
					61A5152923D0C74100B0386B = {
						CreatedOnToolsVersion = 11.3.1;
						TestTargetID = 61A5151023D0C73C00B0386B;
					};
				};
			};
			buildConfigurationList = 61A5150C23D0C73C00B0386B /* Build configuration list for PBXProject "SquareDirectory" */;
			compatibilityVersion = "Xcode 9.3";
			developmentRegion = en;
			hasScannedForEncodings = 0;
			knownRegions = (
				en,
				Base,
			);
			mainGroup = 61A5150823D0C73C00B0386B;
			productRefGroup = 61A5151223D0C73C00B0386B /* Products */;
			projectDirPath = "";
			projectRoot = "";
			targets = (
				61A5151023D0C73C00B0386B /* SquareDirectory */,
				61A5152923D0C74100B0386B /* SquareDirectoryTests */,
			);
		};
/* End PBXProject section */

/* Begin PBXResourcesBuildPhase section */
		61A5150F23D0C73C00B0386B /* Resources */ = {
			isa = PBXResourcesBuildPhase;
			buildActionMask = 2147483647;
			files = (
				61A5152423D0C74100B0386B /* LaunchScreen.storyboard in Resources */,
				61A5152123D0C74100B0386B /* Assets.xcassets in Resources */,
			);
			runOnlyForDeploymentPostprocessing = 0;
		};
		61A5152823D0C74100B0386B /* Resources */ = {
			isa = PBXResourcesBuildPhase;
			buildActionMask = 2147483647;
			files = (
			);
			runOnlyForDeploymentPostprocessing = 0;
		};
/* End PBXResourcesBuildPhase section */

/* Begin PBXSourcesBuildPhase section */
		61A5150D23D0C73C00B0386B /* Sources */ = {
			isa = PBXSourcesBuildPhase;
			buildActionMask = 2147483647;
			files = (
				6134EDF123D14D63004E121B /* GetDirectoryData.swift in Sources */,
				6134EDF323D228E6004E121B /* Alerts.swift in Sources */,
				6134EDFB23D27143004E121B /* ActivityIndicator.swift in Sources */,
				6134EDE023D12002004E121B /* UIFont+additions.swift in Sources */,
				61A5151923D0C73C00B0386B /* FullDirectoryViewController.swift in Sources */,
				61A5151523D0C73C00B0386B /* AppDelegate.swift in Sources */,
				61A5153F23D0C8B700B0386B /* Contact.swift in Sources */,
				61A5154823D0CF4A00B0386B /*  Enum_APIError.swift in Sources */,
				61A5154623D0CEFB00B0386B /* Endpoint.swift in Sources */,
				61A5151F23D0C73C00B0386B /* SquareDirectory.xcdatamodeld in Sources */,
				6134EDDC23D0EED0004E121B /* PersonCell.swift in Sources */,
				61986ED423D0E68E0030F0D5 /* UITableViewCellExtension.swift in Sources */,
				6134EDDE23D11E75004E121B /* ContactsResult.swift in Sources */,
				6134EDF523D22CD7004E121B /* FetchImages.swift in Sources */,
				61A5154223D0CBD900B0386B /* DataRequestAPI.swift in Sources */,
				612A6E4323D3AFA600472DA9 /* Enum_ErrorLabel.swift in Sources */,
				6134EDEF23D14CA4004E121B /* DirectoryURL.swift in Sources */,
				61A5151723D0C73C00B0386B /* SceneDelegate.swift in Sources */,
			);
			runOnlyForDeploymentPostprocessing = 0;
		};
		61A5152623D0C74100B0386B /* Sources */ = {
			isa = PBXSourcesBuildPhase;
			buildActionMask = 2147483647;
			files = (
				61A5152F23D0C74100B0386B /* SquareDirectoryTests.swift in Sources */,
				61A1BFD823D39D25002952A3 /* URLProtocolStub.swift in Sources */,
			);
			runOnlyForDeploymentPostprocessing = 0;
		};
/* End PBXSourcesBuildPhase section */

/* Begin PBXTargetDependency section */
		61A5152C23D0C74100B0386B /* PBXTargetDependency */ = {
			isa = PBXTargetDependency;
			target = 61A5151023D0C73C00B0386B /* SquareDirectory */;
			targetProxy = 61A5152B23D0C74100B0386B /* PBXContainerItemProxy */;
		};
/* End PBXTargetDependency section */

/* Begin PBXVariantGroup section */
		61A5152223D0C74100B0386B /* LaunchScreen.storyboard */ = {
			isa = PBXVariantGroup;
			children = (
				61A5152323D0C74100B0386B /* Base */,
			);
			name = LaunchScreen.storyboard;
			sourceTree = "<group>";
		};
/* End PBXVariantGroup section */

/* Begin XCBuildConfiguration section */
		61A5153123D0C74100B0386B /* Debug */ = {
			isa = XCBuildConfiguration;
			buildSettings = {
				ALWAYS_SEARCH_USER_PATHS = NO;
				CLANG_ANALYZER_NONNULL = YES;
				CLANG_ANALYZER_NUMBER_OBJECT_CONVERSION = YES_AGGRESSIVE;
				CLANG_CXX_LANGUAGE_STANDARD = "gnu++14";
				CLANG_CXX_LIBRARY = "libc++";
				CLANG_ENABLE_MODULES = YES;
				CLANG_ENABLE_OBJC_ARC = YES;
				CLANG_ENABLE_OBJC_WEAK = YES;
				CLANG_WARN_BLOCK_CAPTURE_AUTORELEASING = YES;
				CLANG_WARN_BOOL_CONVERSION = YES;
				CLANG_WARN_COMMA = YES;
				CLANG_WARN_CONSTANT_CONVERSION = YES;
				CLANG_WARN_DEPRECATED_OBJC_IMPLEMENTATIONS = YES;
				CLANG_WARN_DIRECT_OBJC_ISA_USAGE = YES_ERROR;
				CLANG_WARN_DOCUMENTATION_COMMENTS = YES;
				CLANG_WARN_EMPTY_BODY = YES;
				CLANG_WARN_ENUM_CONVERSION = YES;
				CLANG_WARN_INFINITE_RECURSION = YES;
				CLANG_WARN_INT_CONVERSION = YES;
				CLANG_WARN_NON_LITERAL_NULL_CONVERSION = YES;
				CLANG_WARN_OBJC_IMPLICIT_RETAIN_SELF = YES;
				CLANG_WARN_OBJC_LITERAL_CONVERSION = YES;
				CLANG_WARN_OBJC_ROOT_CLASS = YES_ERROR;
				CLANG_WARN_RANGE_LOOP_ANALYSIS = YES;
				CLANG_WARN_STRICT_PROTOTYPES = YES;
				CLANG_WARN_SUSPICIOUS_MOVE = YES;
				CLANG_WARN_UNGUARDED_AVAILABILITY = YES_AGGRESSIVE;
				CLANG_WARN_UNREACHABLE_CODE = YES;
				CLANG_WARN__DUPLICATE_METHOD_MATCH = YES;
				COPY_PHASE_STRIP = NO;
				DEBUG_INFORMATION_FORMAT = dwarf;
				ENABLE_STRICT_OBJC_MSGSEND = YES;
				ENABLE_TESTABILITY = YES;
				GCC_C_LANGUAGE_STANDARD = gnu11;
				GCC_DYNAMIC_NO_PIC = NO;
				GCC_NO_COMMON_BLOCKS = YES;
				GCC_OPTIMIZATION_LEVEL = 0;
				GCC_PREPROCESSOR_DEFINITIONS = (
					"DEBUG=1",
					"$(inherited)",
				);
				GCC_WARN_64_TO_32_BIT_CONVERSION = YES;
				GCC_WARN_ABOUT_RETURN_TYPE = YES_ERROR;
				GCC_WARN_UNDECLARED_SELECTOR = YES;
				GCC_WARN_UNINITIALIZED_AUTOS = YES_AGGRESSIVE;
				GCC_WARN_UNUSED_FUNCTION = YES;
				GCC_WARN_UNUSED_VARIABLE = YES;
				IPHONEOS_DEPLOYMENT_TARGET = 13.2;
				MTL_ENABLE_DEBUG_INFO = INCLUDE_SOURCE;
				MTL_FAST_MATH = YES;
				ONLY_ACTIVE_ARCH = YES;
				SDKROOT = iphoneos;
				SWIFT_ACTIVE_COMPILATION_CONDITIONS = DEBUG;
				SWIFT_OPTIMIZATION_LEVEL = "-Onone";
			};
			name = Debug;
		};
		61A5153223D0C74100B0386B /* Release */ = {
			isa = XCBuildConfiguration;
			buildSettings = {
				ALWAYS_SEARCH_USER_PATHS = NO;
				CLANG_ANALYZER_NONNULL = YES;
				CLANG_ANALYZER_NUMBER_OBJECT_CONVERSION = YES_AGGRESSIVE;
				CLANG_CXX_LANGUAGE_STANDARD = "gnu++14";
				CLANG_CXX_LIBRARY = "libc++";
				CLANG_ENABLE_MODULES = YES;
				CLANG_ENABLE_OBJC_ARC = YES;
				CLANG_ENABLE_OBJC_WEAK = YES;
				CLANG_WARN_BLOCK_CAPTURE_AUTORELEASING = YES;
				CLANG_WARN_BOOL_CONVERSION = YES;
				CLANG_WARN_COMMA = YES;
				CLANG_WARN_CONSTANT_CONVERSION = YES;
				CLANG_WARN_DEPRECATED_OBJC_IMPLEMENTATIONS = YES;
				CLANG_WARN_DIRECT_OBJC_ISA_USAGE = YES_ERROR;
				CLANG_WARN_DOCUMENTATION_COMMENTS = YES;
				CLANG_WARN_EMPTY_BODY = YES;
				CLANG_WARN_ENUM_CONVERSION = YES;
				CLANG_WARN_INFINITE_RECURSION = YES;
				CLANG_WARN_INT_CONVERSION = YES;
				CLANG_WARN_NON_LITERAL_NULL_CONVERSION = YES;
				CLANG_WARN_OBJC_IMPLICIT_RETAIN_SELF = YES;
				CLANG_WARN_OBJC_LITERAL_CONVERSION = YES;
				CLANG_WARN_OBJC_ROOT_CLASS = YES_ERROR;
				CLANG_WARN_RANGE_LOOP_ANALYSIS = YES;
				CLANG_WARN_STRICT_PROTOTYPES = YES;
				CLANG_WARN_SUSPICIOUS_MOVE = YES;
				CLANG_WARN_UNGUARDED_AVAILABILITY = YES_AGGRESSIVE;
				CLANG_WARN_UNREACHABLE_CODE = YES;
				CLANG_WARN__DUPLICATE_METHOD_MATCH = YES;
				COPY_PHASE_STRIP = NO;
				DEBUG_INFORMATION_FORMAT = "dwarf-with-dsym";
				ENABLE_NS_ASSERTIONS = NO;
				ENABLE_STRICT_OBJC_MSGSEND = YES;
				GCC_C_LANGUAGE_STANDARD = gnu11;
				GCC_NO_COMMON_BLOCKS = YES;
				GCC_WARN_64_TO_32_BIT_CONVERSION = YES;
				GCC_WARN_ABOUT_RETURN_TYPE = YES_ERROR;
				GCC_WARN_UNDECLARED_SELECTOR = YES;
				GCC_WARN_UNINITIALIZED_AUTOS = YES_AGGRESSIVE;
				GCC_WARN_UNUSED_FUNCTION = YES;
				GCC_WARN_UNUSED_VARIABLE = YES;
				IPHONEOS_DEPLOYMENT_TARGET = 13.2;
				MTL_ENABLE_DEBUG_INFO = NO;
				MTL_FAST_MATH = YES;
				SDKROOT = iphoneos;
				SWIFT_COMPILATION_MODE = wholemodule;
				SWIFT_OPTIMIZATION_LEVEL = "-O";
				VALIDATE_PRODUCT = YES;
			};
			name = Release;
		};
		61A5153423D0C74100B0386B /* Debug */ = {
			isa = XCBuildConfiguration;
			buildSettings = {
				ASSETCATALOG_COMPILER_APPICON_NAME = AppIcon;
				CODE_SIGN_STYLE = Automatic;
				DEVELOPMENT_TEAM = 3K8HM9CR5K;
				INFOPLIST_FILE = SquareDirectory/Info.plist;
				LD_RUNPATH_SEARCH_PATHS = (
					"$(inherited)",
					"@executable_path/Frameworks",
				);
				PRODUCT_BUNDLE_IDENTIFIER = com.dylanmccarthy.SquareDirectory;
				PRODUCT_NAME = "$(TARGET_NAME)";
				SWIFT_VERSION = 5.0;
				TARGETED_DEVICE_FAMILY = "1,2";
			};
			name = Debug;
		};
		61A5153523D0C74100B0386B /* Release */ = {
			isa = XCBuildConfiguration;
			buildSettings = {
				ASSETCATALOG_COMPILER_APPICON_NAME = AppIcon;
				CODE_SIGN_STYLE = Automatic;
				DEVELOPMENT_TEAM = 3K8HM9CR5K;
				INFOPLIST_FILE = SquareDirectory/Info.plist;
				LD_RUNPATH_SEARCH_PATHS = (
					"$(inherited)",
					"@executable_path/Frameworks",
				);
				PRODUCT_BUNDLE_IDENTIFIER = com.dylanmccarthy.SquareDirectory;
				PRODUCT_NAME = "$(TARGET_NAME)";
				SWIFT_VERSION = 5.0;
				TARGETED_DEVICE_FAMILY = "1,2";
			};
			name = Release;
		};
		61A5153723D0C74100B0386B /* Debug */ = {
			isa = XCBuildConfiguration;
			buildSettings = {
				ALWAYS_EMBED_SWIFT_STANDARD_LIBRARIES = YES;
				BUNDLE_LOADER = "$(TEST_HOST)";
				CODE_SIGN_STYLE = Automatic;
				DEVELOPMENT_TEAM = 3K8HM9CR5K;
				INFOPLIST_FILE = SquareDirectoryTests/Info.plist;
				IPHONEOS_DEPLOYMENT_TARGET = 13.2;
				LD_RUNPATH_SEARCH_PATHS = (
					"$(inherited)",
					"@executable_path/Frameworks",
					"@loader_path/Frameworks",
				);
				PRODUCT_BUNDLE_IDENTIFIER = com.dylanmccarthy.SquareDirectoryTests;
				PRODUCT_NAME = "$(TARGET_NAME)";
				SWIFT_VERSION = 5.0;
				TARGETED_DEVICE_FAMILY = "1,2";
				TEST_HOST = "$(BUILT_PRODUCTS_DIR)/SquareDirectory.app/SquareDirectory";
			};
			name = Debug;
		};
		61A5153823D0C74100B0386B /* Release */ = {
			isa = XCBuildConfiguration;
			buildSettings = {
				ALWAYS_EMBED_SWIFT_STANDARD_LIBRARIES = YES;
				BUNDLE_LOADER = "$(TEST_HOST)";
				CODE_SIGN_STYLE = Automatic;
				DEVELOPMENT_TEAM = 3K8HM9CR5K;
				INFOPLIST_FILE = SquareDirectoryTests/Info.plist;
				IPHONEOS_DEPLOYMENT_TARGET = 13.2;
				LD_RUNPATH_SEARCH_PATHS = (
					"$(inherited)",
					"@executable_path/Frameworks",
					"@loader_path/Frameworks",
				);
				PRODUCT_BUNDLE_IDENTIFIER = com.dylanmccarthy.SquareDirectoryTests;
				PRODUCT_NAME = "$(TARGET_NAME)";
				SWIFT_VERSION = 5.0;
				TARGETED_DEVICE_FAMILY = "1,2";
				TEST_HOST = "$(BUILT_PRODUCTS_DIR)/SquareDirectory.app/SquareDirectory";
			};
			name = Release;
		};
/* End XCBuildConfiguration section */

/* Begin XCConfigurationList section */
		61A5150C23D0C73C00B0386B /* Build configuration list for PBXProject "SquareDirectory" */ = {
			isa = XCConfigurationList;
			buildConfigurations = (
				61A5153123D0C74100B0386B /* Debug */,
				61A5153223D0C74100B0386B /* Release */,
			);
			defaultConfigurationIsVisible = 0;
			defaultConfigurationName = Release;
		};
		61A5153323D0C74100B0386B /* Build configuration list for PBXNativeTarget "SquareDirectory" */ = {
			isa = XCConfigurationList;
			buildConfigurations = (
				61A5153423D0C74100B0386B /* Debug */,
				61A5153523D0C74100B0386B /* Release */,
			);
			defaultConfigurationIsVisible = 0;
			defaultConfigurationName = Release;
		};
		61A5153623D0C74100B0386B /* Build configuration list for PBXNativeTarget "SquareDirectoryTests" */ = {
			isa = XCConfigurationList;
			buildConfigurations = (
				61A5153723D0C74100B0386B /* Debug */,
				61A5153823D0C74100B0386B /* Release */,
			);
			defaultConfigurationIsVisible = 0;
			defaultConfigurationName = Release;
		};
/* End XCConfigurationList section */

/* Begin XCVersionGroup section */
		61A5151D23D0C73C00B0386B /* SquareDirectory.xcdatamodeld */ = {
			isa = XCVersionGroup;
			children = (
				61A5151E23D0C73C00B0386B /* SquareDirectory.xcdatamodel */,
			);
			currentVersion = 61A5151E23D0C73C00B0386B /* SquareDirectory.xcdatamodel */;
			path = SquareDirectory.xcdatamodeld;
			sourceTree = "<group>";
			versionGroupType = wrapper.xcdatamodel;
		};
/* End XCVersionGroup section */
	};
	rootObject = 61A5150923D0C73C00B0386B /* Project object */;
}
